
Microsoft Visual Studio Solution File, Format Version 12.00
# Visual Studio Version 16
VisualStudioVersion = 16.0.33927.289
MinimumVisualStudioVersion = 10.0.40219.1
Project("{888888A0-9F3D-457C-B088-3A5042F75D52}") = "streamlit_classifier", "streamlit_classifier\streamlit_classifier.pyproj", "{89716D3B-41AF-4EB7-A579-70CCB696FB7C}"
EndProject
Global
	GlobalSection(SolutionConfigurationPlatforms) = preSolution
		Debug|Any CPU = Debug|Any CPU
		Release|Any CPU = Release|Any CPU
	EndGlobalSection
	GlobalSection(ProjectConfigurationPlatforms) = postSolution
		{89716D3B-41AF-4EB7-A579-70CCB696FB7C}.Debug|Any CPU.ActiveCfg = Debug|Any CPU
		{89716D3B-41AF-4EB7-A579-70CCB696FB7C}.Debug|Any CPU.Build.0 = Debug|Any CPU
		{89716D3B-41AF-4EB7-A579-70CCB696FB7C}.Release|Any CPU.ActiveCfg = Release|Any CPU
		{89716D3B-41AF-4EB7-A579-70CCB696FB7C}.Release|Any CPU.Build.0 = Release|Any CPU
	EndGlobalSection
	GlobalSection(SolutionProperties) = preSolution
		HideSolutionNode = FALSE
	EndGlobalSection
	GlobalSection(ExtensibilityGlobals) = postSolution
		SolutionGuid = {B617F783-3131-4ACF-ADF9-60DB6D2680A4}
	EndGlobalSection
EndGlobal
